// !$*UTF8*$!
{
	archiveVersion = 1;
	classes = {
	};
	objectVersion = 56;
	objects = {

/* Begin PBXFileReference section */
		2C0505942C4A170000E2D8A7 /* README.md */ = {isa = PBXFileReference; lastKnownFileType = net.daringfireball.markdown; path = README.md; sourceTree = "<group>"; };
		2C0505952C4AF1F800E2D8A7 /* Conditionals.playground */ = {isa = PBXFileReference; lastKnownFileType = file.playground; path = Conditionals.playground; sourceTree = "<group>"; xcLanguageSpecificationIdentifier = xcode.lang.swift; };
		2C0505962C4AFE9A00E2D8A7 /* Reecap 002.playground */ = {isa = PBXFileReference; lastKnownFileType = file.playground; path = "Reecap 002.playground"; sourceTree = "<group>"; xcLanguageSpecificationIdentifier = xcode.lang.swift; };
		2C0505972C4C534A00E2D8A7 /* Arrays.playground */ = {isa = PBXFileReference; lastKnownFileType = file.playground; path = Arrays.playground; sourceTree = "<group>"; xcLanguageSpecificationIdentifier = xcode.lang.swift; };
		2C0505982C50B7FE00E2D8A7 /* Dictionaries.playground */ = {isa = PBXFileReference; lastKnownFileType = file.playground; path = Dictionaries.playground; sourceTree = "<group>"; xcLanguageSpecificationIdentifier = xcode.lang.swift; };
		2C0505D62C5FDBC400E2D8A7 /* Loops + Reecap.playground */ = {isa = PBXFileReference; lastKnownFileType = file.playground; path = "Loops + Reecap.playground"; sourceTree = "<group>"; xcLanguageSpecificationIdentifier = xcode.lang.swift; };
		2C0505D72C641CEB00E2D8A7 /* Functions.playground */ = {isa = PBXFileReference; lastKnownFileType = file.playground; path = Functions.playground; sourceTree = "<group>"; xcLanguageSpecificationIdentifier = xcode.lang.swift; };
		2C0505D82C67789400E2D8A7 /* Optionals.playground */ = {isa = PBXFileReference; lastKnownFileType = file.playground; path = Optionals.playground; sourceTree = "<group>"; xcLanguageSpecificationIdentifier = xcode.lang.swift; };
		2C0505D92C6839F400E2D8A7 /* Structs.playground */ = {isa = PBXFileReference; lastKnownFileType = file.playground; path = Structs.playground; sourceTree = "<group>"; xcLanguageSpecificationIdentifier = xcode.lang.swift; };
		2C0505DA2C68528400E2D8A7 /* Excercise001.playground */ = {isa = PBXFileReference; lastKnownFileType = file.playground; path = Excercise001.playground; sourceTree = "<group>"; xcLanguageSpecificationIdentifier = xcode.lang.swift; };
		2CBD30B92C48A03500CF151D /* Variables.playground */ = {isa = PBXFileReference; lastKnownFileType = file.playground; path = Variables.playground; sourceTree = "<group>"; xcLanguageSpecificationIdentifier = xcode.lang.swift; };
		2CBD30BA2C48A6E700CF151D /* Operators.playground */ = {isa = PBXFileReference; lastKnownFileType = file.playground; path = Operators.playground; sourceTree = "<group>"; xcLanguageSpecificationIdentifier = xcode.lang.swift; };
		2CBD30BB2C48BF8D00CF151D /* String Interpolation.playground */ = {isa = PBXFileReference; lastKnownFileType = file.playground; path = "String Interpolation.playground"; sourceTree = "<group>"; xcLanguageSpecificationIdentifier = xcode.lang.swift; };
		2CBD30BC2C48C1EB00CF151D /* Reecap 001.playground */ = {isa = PBXFileReference; lastKnownFileType = file.playground; path = "Reecap 001.playground"; sourceTree = "<group>"; xcLanguageSpecificationIdentifier = xcode.lang.swift; };
		2CFA422D2C6868DF005EA85D /* Excercise002.playground */ = {isa = PBXFileReference; lastKnownFileType = file.playground; path = Excercise002.playground; sourceTree = "<group>"; xcLanguageSpecificationIdentifier = xcode.lang.swift; };
		2CFA422E2C693448005EA85D /* Excercise003.playground */ = {isa = PBXFileReference; lastKnownFileType = file.playground; path = Excercise003.playground; sourceTree = "<group>"; xcLanguageSpecificationIdentifier = xcode.lang.swift; };
		2CFA422F2C696061005EA85D /* Excercise004.playground */ = {isa = PBXFileReference; lastKnownFileType = file.playground; path = Excercise004.playground; sourceTree = "<group>"; xcLanguageSpecificationIdentifier = xcode.lang.swift; };
/* End PBXFileReference section */

/* Begin PBXGroup section */
		2CBD30B22C489FDC00CF151D = {
			isa = PBXGroup;
			children = (
				2CFA422F2C696061005EA85D /* Excercise004.playground */,
				2CFA422E2C693448005EA85D /* Excercise003.playground */,
				2CFA422D2C6868DF005EA85D /* Excercise002.playground */,
				2C0505DA2C68528400E2D8A7 /* Excercise001.playground */,
				2C0505D92C6839F400E2D8A7 /* Structs.playground */,
				2C0505D82C67789400E2D8A7 /* Optionals.playground */,
				2C0505D72C641CEB00E2D8A7 /* Functions.playground */,
				2C0505D62C5FDBC400E2D8A7 /* Loops + Reecap.playground */,
				2C0505982C50B7FE00E2D8A7 /* Dictionaries.playground */,
				2C0505972C4C534A00E2D8A7 /* Arrays.playground */,
				2C0505962C4AFE9A00E2D8A7 /* Reecap 002.playground */,
				2C0505952C4AF1F800E2D8A7 /* Conditionals.playground */,
				2CBD30BC2C48C1EB00CF151D /* Reecap 001.playground */,
				2CBD30BB2C48BF8D00CF151D /* String Interpolation.playground */,
				2CBD30BA2C48A6E700CF151D /* Operators.playground */,
				2CBD30B92C48A03500CF151D /* Variables.playground */,
				2C0505942C4A170000E2D8A7 /* README.md */,
			);
			sourceTree = "<group>";
		};
/* End PBXGroup section */

/* Begin PBXProject section */
		2CBD30B32C489FDC00CF151D /* Project object */ = {
			isa = PBXProject;
			attributes = {
				BuildIndependentTargetsInParallel = 1;
				LastUpgradeCheck = 1530;
			};
			buildConfigurationList = 2CBD30B62C489FDC00CF151D /* Build configuration list for PBXProject "Fundamentals" */;
			compatibilityVersion = "Xcode 14.0";
			developmentRegion = en;
			hasScannedForEncodings = 0;
			knownRegions = (
				en,
				Base,
			);
			mainGroup = 2CBD30B22C489FDC00CF151D;
			projectDirPath = "";
			projectRoot = "";
			targets = (
			);
		};
/* End PBXProject section */

/* Begin XCBuildConfiguration section */
		2CBD30B72C489FDC00CF151D /* Debug */ = {
			isa = XCBuildConfiguration;
			buildSettings = {
			};
			name = Debug;
		};
		2CBD30B82C489FDC00CF151D /* Release */ = {
			isa = XCBuildConfiguration;
			buildSettings = {
			};
			name = Release;
		};
/* End XCBuildConfiguration section */

/* Begin XCConfigurationList section */
		2CBD30B62C489FDC00CF151D /* Build configuration list for PBXProject "Fundamentals" */ = {
			isa = XCConfigurationList;
			buildConfigurations = (
				2CBD30B72C489FDC00CF151D /* Debug */,
				2CBD30B82C489FDC00CF151D /* Release */,
			);
			defaultConfigurationIsVisible = 0;
			defaultConfigurationName = Release;
		};
/* End XCConfigurationList section */
	};
	rootObject = 2CBD30B32C489FDC00CF151D /* Project object */;
}
